{
  "name": "blurt-health-poster",
  "version": "1.0.0",
  "lockfileVersion": 3,
  "requires": true,
  "packages": {
    "": {
      "name": "blurt-health-poster",
      "version": "1.0.0",
      "dependencies": {
        "@beblurt/dblurt": "0.17.0"
      },
      "engines": {
        "node": ">=22"
      }
    },
    "node_modules/@beblurt/blurt-rpc-core": {
      "version": "0.1.0",
      "resolved": "https://registry.npmjs.org/@beblurt/blurt-rpc-core/-/blurt-rpc-core-0.1.0.tgz",
      "integrity": "sha512-qj/Kk+95R+ZiLDMAS/AjS4vOvgQlBHWfcOxDCJ5j9A4VL7tWappoXl+92GWAeNalME+wLcPPhpaZpvBXChXE1Q==",
      "license": "MIT",
      "engines": {
        "node": ">=18"
      }
    },
    "node_modules/@beblurt/dblurt": {
      "version": "0.17.0",
      "resolved": "https://registry.npmjs.org/@beblurt/dblurt/-/dblurt-0.17.0.tgz",
      "integrity": "sha512-1tnQqvk/0HYVXB8cj6ok9TkU6u5P3JiddOG/DIWJkR2GCfJY5CSCswu/g3wdRpnWMbfL8QGlm1xYQ/Yvy4KOEg==",
      "license": "BSD-3-Clause-No-Military-License",
      "dependencies": {
        "@beblurt/blurt-rpc-core": "^0.1.0",
        "@noble/hashes": "^1.8.0",
        "@noble/secp256k1": "^1.7.1",
        "@types/bytebuffer": "^5.0.49",
        "@types/node": "^18.19.123",
        "aes-js": "^3.1.2",
        "bs58": "^4.0.1",
        "bytebuffer": "^5.0.1",
        "jsbi": "^3.1.4",
        "long": "^5.3.2"
      },
      "engines": {
        "node": ">=18"
      }
    },
    "node_modules/@noble/hashes": {
      "version": "1.8.0",
      "resolved": "https://registry.npmjs.org/@noble/hashes/-/hashes-1.8.0.tgz",
      "integrity": "sha512-jCs9ldd7NwzpgXDIf6P3+NrHh9/sD6CQdxHyjQI+h/6rDNo88ypBxxz45UDuZHz9r3tNz7N/VInSVoVdtXEI4A==",
      "license": "MIT",
      "engines": {
        "node": "^14.21.3 || >=16"
      },
      "funding": {
        "url": "https://paulmillr.com/funding/"
      }
    },
    "node_modules/@noble/secp256k1": {
      "version": "1.7.2",
      "resolved": "https://registry.npmjs.org/@noble/secp256k1/-/secp256k1-1.7.2.tgz",
      "integrity": "sha512-/qzwYl5eFLH8OWIecQWM31qld2g1NfjgylK+TNhqtaUKP37Nm+Y+z30Fjhw0Ct8p9yCQEm2N3W/AckdIb3SMcQ==",
      "funding": [
        {
          "type": "individual",
          "url": "https://paulmillr.com/funding/"
        }
      ],
      "license": "MIT"
    },
    "node_modules/@types/bytebuffer": {
      "version": "5.0.49",
      "resolved": "https://registry.npmjs.org/@types/bytebuffer/-/bytebuffer-5.0.49.tgz",
      "integrity": "sha512-lV4YLiolMdD4upDmr4vnfiwV/FN9Jg33eNTSFMkHqyMKqTIAn5TmFTYsARwXwUXeFU7yzRpECmWV1SOhIvdkRQ==",
      "license": "MIT",
      "dependencies": {
        "@types/long": "^3.0.0",
        "@types/node": "*"
      }
    },
    "node_modules/@types/long": {
      "version": "3.0.32",
      "resolved": "https://registry.npmjs.org/@types/long/-/long-3.0.32.tgz",
      "integrity": "sha512-ZXyOOm83p7X8p3s0IYM3VeueNmHpkk/yMlP8CLeOnEcu6hIwPH7YjZBvhQkR0ZFS2DqZAxKtJ/M5fcuv3OU5BA==",
      "license": "MIT"
    },
    "node_modules/@types/node": {
      "version": "18.19.130",
      "resolved": "https://registry.npmjs.org/@types/node/-/node-18.19.130.tgz",
      "integrity": "sha512-GRaXQx6jGfL8sKfaIDD6OupbIHBr9jv7Jnaml9tB7l4v068PAOXqfcujMMo5PhbIs6ggR1XODELqahT2R8v0fg==",
      "license": "MIT",
      "dependencies": {
        "undici-types": "~5.26.4"
      }
    },
    "node_modules/aes-js": {
      "version": "3.1.2",
      "resolved": "https://registry.npmjs.org/aes-js/-/aes-js-3.1.2.tgz",
      "integrity": "sha512-e5pEa2kBnBOgR4Y/p20pskXI74UEz7de8ZGVo58asOtvSVG5YAbJeELPZxOmt+Bnz3rX753YKhfIn4X4l1PPRQ==",
      "license": "MIT"
    },
    "node_modules/base-x": {
      "version": "3.0.11",
      "resolved": "https://registry.npmjs.org/base-x/-/base-x-3.0.11.tgz",
      "integrity": "sha512-xz7wQ8xDhdyP7tQxwdteLYeFfS68tSMNCZ/Y37WJ4bhGfKPpqEIlmIyueQHqOyoPhE6xNUqjzRr8ra0eF9VRvA==",
      "license": "MIT",
      "dependencies": {
        "safe-buffer": "^5.0.1"
      }
    },
    "node_modules/bs58": {
      "version": "4.0.1",
      "resolved": "https://registry.npmjs.org/bs58/-/bs58-4.0.1.tgz",
      "integrity": "sha512-Ok3Wdf5vOIlBrgCvTq96gBkJw+JUEzdBgyaza5HLtPm7yTHkjRy8+JzNyHF7BHa0bNWOQIp3m5YF0nnFcOIKLw==",
      "license": "MIT",
      "dependencies": {
        "base-x": "^3.0.2"
      }
    },
    "node_modules/bytebuffer": {
      "version": "5.0.1",
      "resolved": "https://registry.npmjs.org/bytebuffer/-/bytebuffer-5.0.1.tgz",
      "integrity": "sha512-IuzSdmADppkZ6DlpycMkm8l9zeEq16fWtLvunEwFiYciR/BHo4E8/xs5piFquG+Za8OWmMqHF8zuRviz2LHvRQ==",
      "license": "Apache-2.0",
      "dependencies": {
        "long": "~3"
      },
      "engines": {
        "node": ">=0.8"
      }
    },
    "node_modules/bytebuffer/node_modules/long": {
      "version": "3.2.0",
      "resolved": "https://registry.npmjs.org/long/-/long-3.2.0.tgz",
      "integrity": "sha512-ZYvPPOMqUwPoDsbJaR10iQJYnMuZhRTvHYl62ErLIEX7RgFlziSBUUvrt3OVfc47QlHHpzPZYP17g3Fv7oeJkg==",
      "license": "Apache-2.0",
      "engines": {
        "node": ">=0.6"
      }
    },
    "node_modules/jsbi": {
      "version": "3.2.5",
      "resolved": "https://registry.npmjs.org/jsbi/-/jsbi-3.2.5.tgz",
      "integrity": "sha512-aBE4n43IPvjaddScbvWRA2YlTzKEynHzu7MqOyTipdHucf/VxS63ViCjxYRg86M8Rxwbt/GfzHl1kKERkt45fQ==",
      "license": "Apache-2.0"
    },
    "node_modules/long": {
      "version": "5.3.2",
      "resolved": "https://registry.npmjs.org/long/-/long-5.3.2.tgz",
      "integrity": "sha512-mNAgZ1GmyNhD7AuqnTG3/VQ26o760+ZYBPKjPvugO8+nLbYfX6TVpJPseBvopbdY+qpZ/lKUnmEc1LeZYS3QAA==",
      "license": "Apache-2.0"
    },
    "node_modules/safe-buffer": {
      "version": "5.2.1",
      "resolved": "https://registry.npmjs.org/safe-buffer/-/safe-buffer-5.2.1.tgz",
      "integrity": "sha512-rp3So07KcdmmKbGvgaNxQSJr7bGVSVk5S9Eq1F+ppbRo70+YeaDxkw5Dd8NPN+GD6bjnYm2VuPuCXmpuYvmCXQ==",
      "funding": [
        {
          "type": "github",
          "url": "https://github.com/sponsors/feross"
        },
        {
          "type": "patreon",
          "url": "https://www.patreon.com/feross"
        },
        {
          "type": "consulting",
          "url": "https://feross.org/support"
        }
      ],
      "license": "MIT"
    },
    "node_modules/undici-types": {
      "version": "5.26.5",
      "resolved": "https://registry.npmjs.org/undici-types/-/undici-types-5.26.5.tgz",
      "integrity": "sha512-JlCMO+ehdEIKqlFxk6IfVoAUVmgz7cU7zD/h9XZ0qzeosSHmUJVOzSQvvYSYWXkFXC+IfLKSIffhv0sVZup6pA==",
      "license": "MIT"
    }
  }
}
